// !$*UTF8*$!
{
	archiveVersion = 1;
	classes = {
	};
	objectVersion = 55;
	objects = {

/* Begin PBXBuildFile section */
		FA2FD40028462A7300E62112 /* FruitCardView.swift in Sources */ = {isa = PBXBuildFile; fileRef = FA2FD3FF28462A7300E62112 /* FruitCardView.swift */; };
		FA2FD40228466DD400E62112 /* StartButtonView.swift in Sources */ = {isa = PBXBuildFile; fileRef = FA2FD40128466DD400E62112 /* StartButtonView.swift */; };
		FA2FD4042846729600E62112 /* OnboardingView.swift in Sources */ = {isa = PBXBuildFile; fileRef = FA2FD4032846729600E62112 /* OnboardingView.swift */; };
		FA2FD4212847749000E62112 /* FruitModel.swift in Sources */ = {isa = PBXBuildFile; fileRef = FA2FD4202847749000E62112 /* FruitModel.swift */; };
		FA2FD424284775FB00E62112 /* FruitData.swift in Sources */ = {isa = PBXBuildFile; fileRef = FA2FD423284775FB00E62112 /* FruitData.swift */; };
		FA2FD428284F672D00E62112 /* FruitRowView.swift in Sources */ = {isa = PBXBuildFile; fileRef = FA2FD427284F672D00E62112 /* FruitRowView.swift */; };
		FA2FD42A284F905000E62112 /* FruitDetailView.swift in Sources */ = {isa = PBXBuildFile; fileRef = FA2FD429284F905000E62112 /* FruitDetailView.swift */; };
		FA2FD42C284F9E4600E62112 /* FruitHeaderView.swift in Sources */ = {isa = PBXBuildFile; fileRef = FA2FD42B284F9E4600E62112 /* FruitHeaderView.swift */; };
		FA2FD42E28509A2E00E62112 /* SourceLinkView.swift in Sources */ = {isa = PBXBuildFile; fileRef = FA2FD42D28509A2E00E62112 /* SourceLinkView.swift */; };
		FA2FD4302850A37400E62112 /* FruitNutrientsView.swift in Sources */ = {isa = PBXBuildFile; fileRef = FA2FD42F2850A37400E62112 /* FruitNutrientsView.swift */; };
		FA536653284385380074C63D /* FructusApp.swift in Sources */ = {isa = PBXBuildFile; fileRef = FA536652284385380074C63D /* FructusApp.swift */; };
		FA536655284385380074C63D /* ContentView.swift in Sources */ = {isa = PBXBuildFile; fileRef = FA536654284385380074C63D /* ContentView.swift */; };
		FA5366572843853B0074C63D /* Assets.xcassets in Resources */ = {isa = PBXBuildFile; fileRef = FA5366562843853B0074C63D /* Assets.xcassets */; };
		FA53665A2843853B0074C63D /* Preview Assets.xcassets in Resources */ = {isa = PBXBuildFile; fileRef = FA5366592843853B0074C63D /* Preview Assets.xcassets */; };
		FA843F112852079E0029F53B /* SettingsView.swift in Sources */ = {isa = PBXBuildFile; fileRef = FA843F102852079E0029F53B /* SettingsView.swift */; };
/* End PBXBuildFile section */

/* Begin PBXFileReference section */
		FA2FD3FF28462A7300E62112 /* FruitCardView.swift */ = {isa = PBXFileReference; lastKnownFileType = sourcecode.swift; path = FruitCardView.swift; sourceTree = "<group>"; };
		FA2FD40128466DD400E62112 /* StartButtonView.swift */ = {isa = PBXFileReference; lastKnownFileType = sourcecode.swift; path = StartButtonView.swift; sourceTree = "<group>"; };
		FA2FD4032846729600E62112 /* OnboardingView.swift */ = {isa = PBXFileReference; lastKnownFileType = sourcecode.swift; path = OnboardingView.swift; sourceTree = "<group>"; };
		FA2FD4202847749000E62112 /* FruitModel.swift */ = {isa = PBXFileReference; lastKnownFileType = sourcecode.swift; path = FruitModel.swift; sourceTree = "<group>"; };
		FA2FD423284775FB00E62112 /* FruitData.swift */ = {isa = PBXFileReference; lastKnownFileType = sourcecode.swift; path = FruitData.swift; sourceTree = "<group>"; };
		FA2FD427284F672D00E62112 /* FruitRowView.swift */ = {isa = PBXFileReference; lastKnownFileType = sourcecode.swift; path = FruitRowView.swift; sourceTree = "<group>"; };
		FA2FD429284F905000E62112 /* FruitDetailView.swift */ = {isa = PBXFileReference; lastKnownFileType = sourcecode.swift; path = FruitDetailView.swift; sourceTree = "<group>"; };
		FA2FD42B284F9E4600E62112 /* FruitHeaderView.swift */ = {isa = PBXFileReference; lastKnownFileType = sourcecode.swift; path = FruitHeaderView.swift; sourceTree = "<group>"; };
		FA2FD42D28509A2E00E62112 /* SourceLinkView.swift */ = {isa = PBXFileReference; lastKnownFileType = sourcecode.swift; path = SourceLinkView.swift; sourceTree = "<group>"; };
		FA2FD42F2850A37400E62112 /* FruitNutrientsView.swift */ = {isa = PBXFileReference; lastKnownFileType = sourcecode.swift; path = FruitNutrientsView.swift; sourceTree = "<group>"; };
		FA53664F284385380074C63D /* Fructus.app */ = {isa = PBXFileReference; explicitFileType = wrapper.application; includeInIndex = 0; path = Fructus.app; sourceTree = BUILT_PRODUCTS_DIR; };
		FA536652284385380074C63D /* FructusApp.swift */ = {isa = PBXFileReference; lastKnownFileType = sourcecode.swift; path = FructusApp.swift; sourceTree = "<group>"; };
		FA536654284385380074C63D /* ContentView.swift */ = {isa = PBXFileReference; lastKnownFileType = sourcecode.swift; path = ContentView.swift; sourceTree = "<group>"; };
		FA5366562843853B0074C63D /* Assets.xcassets */ = {isa = PBXFileReference; lastKnownFileType = folder.assetcatalog; path = Assets.xcassets; sourceTree = "<group>"; };
		FA5366592843853B0074C63D /* Preview Assets.xcassets */ = {isa = PBXFileReference; lastKnownFileType = folder.assetcatalog; path = "Preview Assets.xcassets"; sourceTree = "<group>"; };
		FA843F102852079E0029F53B /* SettingsView.swift */ = {isa = PBXFileReference; lastKnownFileType = sourcecode.swift; path = SettingsView.swift; sourceTree = "<group>"; };
/* End PBXFileReference section */

/* Begin PBXFrameworksBuildPhase section */
		FA53664C284385380074C63D /* Frameworks */ = {
			isa = PBXFrameworksBuildPhase;
			buildActionMask = 2147483647;
			files = (
			);
			runOnlyForDeploymentPostprocessing = 0;
		};
/* End PBXFrameworksBuildPhase section */

/* Begin PBXGroup section */
		FA2FD3FD2846295300E62112 /* App */ = {
			isa = PBXGroup;
			children = (
				FA536652284385380074C63D /* FructusApp.swift */,
				FA536654284385380074C63D /* ContentView.swift */,
				FA2FD4032846729600E62112 /* OnboardingView.swift */,
				FA2FD429284F905000E62112 /* FruitDetailView.swift */,
				FA843F102852079E0029F53B /* SettingsView.swift */,
			);
			path = App;
			sourceTree = "<group>";
		};
		FA2FD3FE284629EC00E62112 /* View */ = {
			isa = PBXGroup;
			children = (
				FA2FD3FF28462A7300E62112 /* FruitCardView.swift */,
				FA2FD40128466DD400E62112 /* StartButtonView.swift */,
				FA2FD427284F672D00E62112 /* FruitRowView.swift */,
				FA2FD42B284F9E4600E62112 /* FruitHeaderView.swift */,
				FA2FD42D28509A2E00E62112 /* SourceLinkView.swift */,
				FA2FD42F2850A37400E62112 /* FruitNutrientsView.swift */,
			);
			path = View;
			sourceTree = "<group>";
		};
		FA2FD41F2847746B00E62112 /* Model */ = {
			isa = PBXGroup;
			children = (
				FA2FD4202847749000E62112 /* FruitModel.swift */,
			);
			path = Model;
			sourceTree = "<group>";
		};
		FA2FD422284775E600E62112 /* Data */ = {
			isa = PBXGroup;
			children = (
				FA2FD423284775FB00E62112 /* FruitData.swift */,
			);
			path = Data;
			sourceTree = "<group>";
		};
		FA536646284385380074C63D = {
			isa = PBXGroup;
			children = (
				FA536651284385380074C63D /* Fructus */,
				FA536650284385380074C63D /* Products */,
			);
			sourceTree = "<group>";
		};
		FA536650284385380074C63D /* Products */ = {
			isa = PBXGroup;
			children = (
				FA53664F284385380074C63D /* Fructus.app */,
			);
			name = Products;
			sourceTree = "<group>";
		};
		FA536651284385380074C63D /* Fructus */ = {
			isa = PBXGroup;
			children = (
				FA2FD422284775E600E62112 /* Data */,
				FA2FD41F2847746B00E62112 /* Model */,
				FA2FD3FE284629EC00E62112 /* View */,
				FA2FD3FD2846295300E62112 /* App */,
				FA5366562843853B0074C63D /* Assets.xcassets */,
				FA5366582843853B0074C63D /* Preview Content */,
			);
			path = Fructus;
			sourceTree = "<group>";
		};
		FA5366582843853B0074C63D /* Preview Content */ = {
			isa = PBXGroup;
			children = (
				FA5366592843853B0074C63D /* Preview Assets.xcassets */,
			);
			path = "Preview Content";
			sourceTree = "<group>";
		};
/* End PBXGroup section */

/* Begin PBXNativeTarget section */
		FA53664E284385380074C63D /* Fructus */ = {
			isa = PBXNativeTarget;
			buildConfigurationList = FA53665D2843853B0074C63D /* Build configuration list for PBXNativeTarget "Fructus" */;
			buildPhases = (
				FA53664B284385380074C63D /* Sources */,
				FA53664C284385380074C63D /* Frameworks */,
				FA53664D284385380074C63D /* Resources */,
			);
			buildRules = (
			);
			dependencies = (
			);
			name = Fructus;
			productName = Fructus;
			productReference = FA53664F284385380074C63D /* Fructus.app */;
			productType = "com.apple.product-type.application";
		};
/* End PBXNativeTarget section */

/* Begin PBXProject section */
		FA536647284385380074C63D /* Project object */ = {
			isa = PBXProject;
			attributes = {
				BuildIndependentTargetsInParallel = 1;
				LastSwiftUpdateCheck = 1340;
				LastUpgradeCheck = 1340;
				TargetAttributes = {
					FA53664E284385380074C63D = {
						CreatedOnToolsVersion = 13.4;
					};
				};
			};
			buildConfigurationList = FA53664A284385380074C63D /* Build configuration list for PBXProject "Fructus" */;
			compatibilityVersion = "Xcode 13.0";
			developmentRegion = en;
			hasScannedForEncodings = 0;
			knownRegions = (
				en,
				Base,
			);
			mainGroup = FA536646284385380074C63D;
			productRefGroup = FA536650284385380074C63D /* Products */;
			projectDirPath = "";
			projectRoot = "";
			targets = (
				FA53664E284385380074C63D /* Fructus */,
			);
		};
/* End PBXProject section */

/* Begin PBXResourcesBuildPhase section */
		FA53664D284385380074C63D /* Resources */ = {
			isa = PBXResourcesBuildPhase;
			buildActionMask = 2147483647;
			files = (
				FA53665A2843853B0074C63D /* Preview Assets.xcassets in Resources */,
				FA5366572843853B0074C63D /* Assets.xcassets in Resources */,
			);
			runOnlyForDeploymentPostprocessing = 0;
		};
/* End PBXResourcesBuildPhase section */

/* Begin PBXSourcesBuildPhase section */
		FA53664B284385380074C63D /* Sources */ = {
			isa = PBXSourcesBuildPhase;
			buildActionMask = 2147483647;
			files = (
				FA2FD424284775FB00E62112 /* FruitData.swift in Sources */,
				FA2FD42E28509A2E00E62112 /* SourceLinkView.swift in Sources */,
				FA2FD40028462A7300E62112 /* FruitCardView.swift in Sources */,
				FA2FD428284F672D00E62112 /* FruitRowView.swift in Sources */,
				FA2FD4302850A37400E62112 /* FruitNutrientsView.swift in Sources */,
				FA2FD40228466DD400E62112 /* StartButtonView.swift in Sources */,
				FA2FD42A284F905000E62112 /* FruitDetailView.swift in Sources */,
				FA536655284385380074C63D /* ContentView.swift in Sources */,
				FA2FD42C284F9E4600E62112 /* FruitHeaderView.swift in Sources */,
				FA2FD4042846729600E62112 /* OnboardingView.swift in Sources */,
				FA2FD4212847749000E62112 /* FruitModel.swift in Sources */,
				FA536653284385380074C63D /* FructusApp.swift in Sources */,
				FA843F112852079E0029F53B /* SettingsView.swift in Sources */,
			);
			runOnlyForDeploymentPostprocessing = 0;
		};
/* End PBXSourcesBuildPhase section */

/* Begin XCBuildConfiguration section */
		FA53665B2843853B0074C63D /* Debug */ = {
			isa = XCBuildConfiguration;
			buildSettings = {
				ALWAYS_SEARCH_USER_PATHS = NO;
				CLANG_ANALYZER_NONNULL = YES;
				CLANG_ANALYZER_NUMBER_OBJECT_CONVERSION = YES_AGGRESSIVE;
				CLANG_CXX_LANGUAGE_STANDARD = "gnu++17";
				CLANG_ENABLE_MODULES = YES;
				CLANG_ENABLE_OBJC_ARC = YES;
				CLANG_ENABLE_OBJC_WEAK = YES;
				CLANG_WARN_BLOCK_CAPTURE_AUTORELEASING = YES;
				CLANG_WARN_BOOL_CONVERSION = YES;
				CLANG_WARN_COMMA = YES;
				CLANG_WARN_CONSTANT_CONVERSION = YES;
				CLANG_WARN_DEPRECATED_OBJC_IMPLEMENTATIONS = YES;
				CLANG_WARN_DIRECT_OBJC_ISA_USAGE = YES_ERROR;
				CLANG_WARN_DOCUMENTATION_COMMENTS = YES;
				CLANG_WARN_EMPTY_BODY = YES;
				CLANG_WARN_ENUM_CONVERSION = YES;
				CLANG_WARN_INFINITE_RECURSION = YES;
				CLANG_WARN_INT_CONVERSION = YES;
				CLANG_WARN_NON_LITERAL_NULL_CONVERSION = YES;
				CLANG_WARN_OBJC_IMPLICIT_RETAIN_SELF = YES;
				CLANG_WARN_OBJC_LITERAL_CONVERSION = YES;
				CLANG_WARN_OBJC_ROOT_CLASS = YES_ERROR;
				CLANG_WARN_QUOTED_INCLUDE_IN_FRAMEWORK_HEADER = YES;
				CLANG_WARN_RANGE_LOOP_ANALYSIS = YES;
				CLANG_WARN_STRICT_PROTOTYPES = YES;
				CLANG_WARN_SUSPICIOUS_MOVE = YES;
				CLANG_WARN_UNGUARDED_AVAILABILITY = YES_AGGRESSIVE;
				CLANG_WARN_UNREACHABLE_CODE = YES;
				CLANG_WARN__DUPLICATE_METHOD_MATCH = YES;
				COPY_PHASE_STRIP = NO;
				DEBUG_INFORMATION_FORMAT = dwarf;
				ENABLE_STRICT_OBJC_MSGSEND = YES;
				ENABLE_TESTABILITY = YES;
				GCC_C_LANGUAGE_STANDARD = gnu11;
				GCC_DYNAMIC_NO_PIC = NO;
				GCC_NO_COMMON_BLOCKS = YES;
				GCC_OPTIMIZATION_LEVEL = 0;
				GCC_PREPROCESSOR_DEFINITIONS = (
					"DEBUG=1",
					"$(inherited)",
				);
				GCC_WARN_64_TO_32_BIT_CONVERSION = YES;
				GCC_WARN_ABOUT_RETURN_TYPE = YES_ERROR;
				GCC_WARN_UNDECLARED_SELECTOR = YES;
				GCC_WARN_UNINITIALIZED_AUTOS = YES_AGGRESSIVE;
				GCC_WARN_UNUSED_FUNCTION = YES;
				GCC_WARN_UNUSED_VARIABLE = YES;
				IPHONEOS_DEPLOYMENT_TARGET = 15.5;
				MTL_ENABLE_DEBUG_INFO = INCLUDE_SOURCE;
				MTL_FAST_MATH = YES;
				ONLY_ACTIVE_ARCH = YES;
				SDKROOT = iphoneos;
				SWIFT_ACTIVE_COMPILATION_CONDITIONS = DEBUG;
				SWIFT_OPTIMIZATION_LEVEL = "-Onone";
			};
			name = Debug;
		};
		FA53665C2843853B0074C63D /* Release */ = {
			isa = XCBuildConfiguration;
			buildSettings = {
				ALWAYS_SEARCH_USER_PATHS = NO;
				CLANG_ANALYZER_NONNULL = YES;
				CLANG_ANALYZER_NUMBER_OBJECT_CONVERSION = YES_AGGRESSIVE;
				CLANG_CXX_LANGUAGE_STANDARD = "gnu++17";
				CLANG_ENABLE_MODULES = YES;
				CLANG_ENABLE_OBJC_ARC = YES;
				CLANG_ENABLE_OBJC_WEAK = YES;
				CLANG_WARN_BLOCK_CAPTURE_AUTORELEASING = YES;
				CLANG_WARN_BOOL_CONVERSION = YES;
				CLANG_WARN_COMMA = YES;
				CLANG_WARN_CONSTANT_CONVERSION = YES;
				CLANG_WARN_DEPRECATED_OBJC_IMPLEMENTATIONS = YES;
				CLANG_WARN_DIRECT_OBJC_ISA_USAGE = YES_ERROR;
				CLANG_WARN_DOCUMENTATION_COMMENTS = YES;
				CLANG_WARN_EMPTY_BODY = YES;
				CLANG_WARN_ENUM_CONVERSION = YES;
				CLANG_WARN_INFINITE_RECURSION = YES;
				CLANG_WARN_INT_CONVERSION = YES;
				CLANG_WARN_NON_LITERAL_NULL_CONVERSION = YES;
				CLANG_WARN_OBJC_IMPLICIT_RETAIN_SELF = YES;
				CLANG_WARN_OBJC_LITERAL_CONVERSION = YES;
				CLANG_WARN_OBJC_ROOT_CLASS = YES_ERROR;
				CLANG_WARN_QUOTED_INCLUDE_IN_FRAMEWORK_HEADER = YES;
				CLANG_WARN_RANGE_LOOP_ANALYSIS = YES;
				CLANG_WARN_STRICT_PROTOTYPES = YES;
				CLANG_WARN_SUSPICIOUS_MOVE = YES;
				CLANG_WARN_UNGUARDED_AVAILABILITY = YES_AGGRESSIVE;
				CLANG_WARN_UNREACHABLE_CODE = YES;
				CLANG_WARN__DUPLICATE_METHOD_MATCH = YES;
				COPY_PHASE_STRIP = NO;
				DEBUG_INFORMATION_FORMAT = "dwarf-with-dsym";
				ENABLE_NS_ASSERTIONS = NO;
				ENABLE_STRICT_OBJC_MSGSEND = YES;
				GCC_C_LANGUAGE_STANDARD = gnu11;
				GCC_NO_COMMON_BLOCKS = YES;
				GCC_WARN_64_TO_32_BIT_CONVERSION = YES;
				GCC_WARN_ABOUT_RETURN_TYPE = YES_ERROR;
				GCC_WARN_UNDECLARED_SELECTOR = YES;
				GCC_WARN_UNINITIALIZED_AUTOS = YES_AGGRESSIVE;
				GCC_WARN_UNUSED_FUNCTION = YES;
				GCC_WARN_UNUSED_VARIABLE = YES;
				IPHONEOS_DEPLOYMENT_TARGET = 15.5;
				MTL_ENABLE_DEBUG_INFO = NO;
				MTL_FAST_MATH = YES;
				SDKROOT = iphoneos;
				SWIFT_COMPILATION_MODE = wholemodule;
				SWIFT_OPTIMIZATION_LEVEL = "-O";
				VALIDATE_PRODUCT = YES;
			};
			name = Release;
		};
		FA53665E2843853B0074C63D /* Debug */ = {
			isa = XCBuildConfiguration;
			buildSettings = {
				ASSETCATALOG_COMPILER_APPICON_NAME = AppIcon;
				ASSETCATALOG_COMPILER_GLOBAL_ACCENT_COLOR_NAME = AccentColor;
				CODE_SIGN_STYLE = Automatic;
				CURRENT_PROJECT_VERSION = 1;
				DEVELOPMENT_ASSET_PATHS = "\"Fructus/Preview Content\"";
				ENABLE_PREVIEWS = YES;
				GENERATE_INFOPLIST_FILE = YES;
				INFOPLIST_KEY_UIApplicationSceneManifest_Generation = YES;
				INFOPLIST_KEY_UIApplicationSupportsIndirectInputEvents = YES;
				INFOPLIST_KEY_UILaunchScreen_Generation = YES;
				INFOPLIST_KEY_UISupportedInterfaceOrientations = UIInterfaceOrientationPortrait;
				INFOPLIST_KEY_UISupportedInterfaceOrientations_iPad = "UIInterfaceOrientationPortrait UIInterfaceOrientationPortraitUpsideDown UIInterfaceOrientationLandscapeLeft UIInterfaceOrientationLandscapeRight";
				INFOPLIST_KEY_UISupportedInterfaceOrientations_iPhone = "UIInterfaceOrientationPortrait UIInterfaceOrientationLandscapeLeft UIInterfaceOrientationLandscapeRight";
				LD_RUNPATH_SEARCH_PATHS = (
					"$(inherited)",
					"@executable_path/Frameworks",
				);
				MARKETING_VERSION = 1.0;
				PRODUCT_BUNDLE_IDENTIFIER = "Pavel-Bohomolnyi.Fructus";
				PRODUCT_NAME = "$(TARGET_NAME)";
				SWIFT_EMIT_LOC_STRINGS = YES;
				SWIFT_VERSION = 5.0;
				TARGETED_DEVICE_FAMILY = "1,2";
			};
			name = Debug;
		};
		FA53665F2843853B0074C63D /* Release */ = {
			isa = XCBuildConfiguration;
			buildSettings = {
				ASSETCATALOG_COMPILER_APPICON_NAME = AppIcon;
				ASSETCATALOG_COMPILER_GLOBAL_ACCENT_COLOR_NAME = AccentColor;
				CODE_SIGN_STYLE = Automatic;
				CURRENT_PROJECT_VERSION = 1;
				DEVELOPMENT_ASSET_PATHS = "\"Fructus/Preview Content\"";
				ENABLE_PREVIEWS = YES;
				GENERATE_INFOPLIST_FILE = YES;
				INFOPLIST_KEY_UIApplicationSceneManifest_Generation = YES;
				INFOPLIST_KEY_UIApplicationSupportsIndirectInputEvents = YES;
				INFOPLIST_KEY_UILaunchScreen_Generation = YES;
				INFOPLIST_KEY_UISupportedInterfaceOrientations = UIInterfaceOrientationPortrait;
				INFOPLIST_KEY_UISupportedInterfaceOrientations_iPad = "UIInterfaceOrientationPortrait UIInterfaceOrientationPortraitUpsideDown UIInterfaceOrientationLandscapeLeft UIInterfaceOrientationLandscapeRight";
				INFOPLIST_KEY_UISupportedInterfaceOrientations_iPhone = "UIInterfaceOrientationPortrait UIInterfaceOrientationLandscapeLeft UIInterfaceOrientationLandscapeRight";
				LD_RUNPATH_SEARCH_PATHS = (
					"$(inherited)",
					"@executable_path/Frameworks",
				);
				MARKETING_VERSION = 1.0;
				PRODUCT_BUNDLE_IDENTIFIER = "Pavel-Bohomolnyi.Fructus";
				PRODUCT_NAME = "$(TARGET_NAME)";
				SWIFT_EMIT_LOC_STRINGS = YES;
				SWIFT_VERSION = 5.0;
				TARGETED_DEVICE_FAMILY = "1,2";
			};
			name = Release;
		};
/* End XCBuildConfiguration section */

/* Begin XCConfigurationList section */
		FA53664A284385380074C63D /* Build configuration list for PBXProject "Fructus" */ = {
			isa = XCConfigurationList;
			buildConfigurations = (
				FA53665B2843853B0074C63D /* Debug */,
				FA53665C2843853B0074C63D /* Release */,
			);
			defaultConfigurationIsVisible = 0;
			defaultConfigurationName = Release;
		};
		FA53665D2843853B0074C63D /* Build configuration list for PBXNativeTarget "Fructus" */ = {
			isa = XCConfigurationList;
			buildConfigurations = (
				FA53665E2843853B0074C63D /* Debug */,
				FA53665F2843853B0074C63D /* Release */,
			);
			defaultConfigurationIsVisible = 0;
			defaultConfigurationName = Release;
		};
/* End XCConfigurationList section */
	};
	rootObject = FA536647284385380074C63D /* Project object */;
}
